{
  "nodes": {
    "coc-sh-src": {
      "flake": false,
      "locked": {
        "lastModified": 1641582055,
        "narHash": "sha256-1R5LbgktsHyMw/qN1cDZXCwnJcLaUwgCPRl1t05cclM=",
        "owner": "josa42",
        "repo": "coc-sh",
        "rev": "c3d808d7a0bf20d999c2ab84f899133cfdfaffc2",
        "type": "github"
      },
      "original": {
        "owner": "josa42",
        "repo": "coc-sh",
        "type": "github"
      }
    },
    "home-manager": {
      "inputs": {
        "nixpkgs": [
          "nixpkgs"
        ]
      },
      "locked": {
        "lastModified": 1643411645,
        "narHash": "sha256-q1TjWmK1MeGNfcU8ud11v9ZTqq2UI8YiCVKCD2MeAEk=",
        "owner": "nix-community",
        "repo": "home-manager",
        "rev": "acf824c9ed70f623b424c2ca41d0f6821014c67c",
        "type": "github"
      },
      "original": {
        "owner": "nix-community",
        "repo": "home-manager",
        "type": "github"
      }
    },
    "nixpkgs": {
      "locked": {
        "lastModified": 1641285291,
        "narHash": "sha256-KYaOBNGar3XWTxTsYPr9P6u74KAqNq0wobEC236U+0c=",
        "owner": "NixOS",
        "repo": "nixpkgs",
        "rev": "0432195a4b8d68faaa7d3d4b355260a3120aeeae",
        "type": "github"
      },
      "original": {
        "owner": "NixOS",
        "repo": "nixpkgs",
        "rev": "0432195a4b8d68faaa7d3d4b355260a3120aeeae",
        "type": "github"
      }
    },
    "root": {
      "inputs": {
        "coc-sh-src": "coc-sh-src",
        "home-manager": "home-manager",
        "nixpkgs": "nixpkgs"
      }
    }
  },
  "root": "root",
  "version": 7
}
