{
  "nodes": {
    "dressing-nvim": {
      "flake": false,
      "locked": {
        "lastModified": 1643846207,
        "narHash": "sha256-4C29d4prcMoN/bwJVJaVQdYw53v1k+QyQC8g5L/UXEQ=",
        "owner": "stevearc",
        "repo": "dressing.nvim",
        "rev": "8e8f7e525941ee2080a39b98c1b1f5466a6ea187",
        "type": "github"
      },
      "original": {
        "owner": "stevearc",
        "repo": "dressing.nvim",
        "type": "github"
      }
    },
    "filetype-nvim": {
      "flake": false,
      "locked": {
        "lastModified": 1642824185,
        "narHash": "sha256-dzrJ8ddUnj7zRNLWlSoknXtSB0LT9VUuYnHSsBJpgGQ=",
        "owner": "nathom",
        "repo": "filetype.nvim",
        "rev": "4d2c0d4488a05f9b0d18a7e2004c0182e350bb45",
        "type": "github"
      },
      "original": {
        "owner": "nathom",
        "repo": "filetype.nvim",
        "type": "github"
      }
    },
    "flake-compat": {
      "flake": false,
      "locked": {
        "lastModified": 1641205782,
        "narHash": "sha256-4jY7RCWUoZ9cKD8co0/4tFARpWB+57+r1bLLvXNJliY=",
        "owner": "edolstra",
        "repo": "flake-compat",
        "rev": "b7547d3eed6f32d06102ead8991ec52ab0a4f1a7",
        "type": "github"
      },
      "original": {
        "owner": "edolstra",
        "repo": "flake-compat",
        "type": "github"
      }
    },
    "flake-utils": {
      "locked": {
        "lastModified": 1629481132,
        "narHash": "sha256-JHgasjPR0/J1J3DRm4KxM4zTyAj4IOJY8vIl75v/kPI=",
        "owner": "numtide",
        "repo": "flake-utils",
        "rev": "997f7efcb746a9c140ce1f13c72263189225f482",
        "type": "github"
      },
      "original": {
        "owner": "numtide",
        "repo": "flake-utils",
        "type": "github"
      }
    },
    "friendly-snippets-vim": {
      "flake": false,
      "locked": {
        "lastModified": 1643810276,
        "narHash": "sha256-zgivFhDH7jM/0z2EwWnThc/E65s98vdYwv+VeG3Hixk=",
        "owner": "rafamadriz",
        "repo": "friendly-snippets",
        "rev": "2e575549910571ff5abb6b02178c69ad760a4e00",
        "type": "github"
      },
      "original": {
        "owner": "rafamadriz",
        "repo": "friendly-snippets",
        "type": "github"
      }
    },
    "heirline-nvim": {
      "flake": false,
      "locked": {
        "lastModified": 1644338424,
        "narHash": "sha256-oGct7h2v21yIav+d3pQjM9xZ8COCYMdovKFPkps7Jts=",
        "owner": "rebelot",
        "repo": "heirline.nvim",
        "rev": "ee399b650682d4ea36cebb8d1fd538eca969ce29",
        "type": "github"
      },
      "original": {
        "owner": "rebelot",
        "repo": "heirline.nvim",
        "type": "github"
      }
    },
    "home-manager": {
      "inputs": {
        "nixpkgs": [
          "nixpkgs"
        ]
      },
      "locked": {
        "lastModified": 1644534280,
        "narHash": "sha256-Gzf/Jq/F1vvTp6XkzPU+pBCj3OSAFLiR7f0ptwRseiI=",
        "owner": "nix-community",
        "repo": "home-manager",
        "rev": "6d9d9294d09b5e88df65f8c6651efb8a4d7d2476",
        "type": "github"
      },
      "original": {
        "owner": "nix-community",
        "repo": "home-manager",
        "type": "github"
      }
    },
    "lsp_lines-nvim": {
      "flake": false,
      "locked": {
        "lastModified": 1642180906,
        "narHash": "sha256-bqnAXwaMYTNuERLSO2d8/qczj4nAYesS6NKcpuGG/wk=",
        "ref": "main",
        "rev": "6267f4234b559f756ec22dade7e8d50eb7325135",
        "revCount": 12,
        "type": "git",
        "url": "https://git.sr.ht/~whynothugo/lsp_lines.nvim"
      },
      "original": {
        "ref": "main",
        "type": "git",
        "url": "https://git.sr.ht/~whynothugo/lsp_lines.nvim"
      }
    },
    "lspkind-nvim": {
      "flake": false,
      "locked": {
        "lastModified": 1644054955,
        "narHash": "sha256-0103K5lnzWCyuT/qwiBUo5PJ7lUX7fo+zNeEnQClI7A=",
        "owner": "onsails",
        "repo": "lspkind-nvim",
        "rev": "93e98a0c900327ce7e9be1cbf24aebbe7170e375",
        "type": "github"
      },
      "original": {
        "owner": "onsails",
        "repo": "lspkind-nvim",
        "type": "github"
      }
    },
    "naersk": {
      "inputs": {
        "nixpkgs": [
          "rnix-lsp",
          "nixpkgs"
        ]
      },
      "locked": {
        "lastModified": 1639947939,
        "narHash": "sha256-pGsM8haJadVP80GFq4xhnSpNitYNQpaXk4cnA796Cso=",
        "owner": "nix-community",
        "repo": "naersk",
        "rev": "2fc8ce9d3c025d59fee349c1f80be9785049d653",
        "type": "github"
      },
      "original": {
        "owner": "nix-community",
        "repo": "naersk",
        "type": "github"
      }
    },
    "neovim-flake": {
      "inputs": {
        "flake-utils": "flake-utils",
        "nixpkgs": [
          "neovim-nightly-overlay",
          "nixpkgs"
        ]
      },
      "locked": {
        "dir": "contrib",
        "lastModified": 1644529849,
        "narHash": "sha256-r5aDO3kdjZcxsFomxuJbkMUI0/ejOJl6rRp0oEVsz1c=",
        "owner": "neovim",
        "repo": "neovim",
        "rev": "851252f79ddaaca5456b287342cd36130c76ff38",
        "type": "github"
      },
      "original": {
        "dir": "contrib",
        "owner": "neovim",
        "repo": "neovim",
        "type": "github"
      }
    },
    "neovim-nightly-overlay": {
      "inputs": {
        "flake-compat": "flake-compat",
        "neovim-flake": "neovim-flake",
        "nixpkgs": "nixpkgs"
      },
      "locked": {
        "lastModified": 1644567178,
        "narHash": "sha256-Z6Febl4NqO7UAgo80rJOnBWtuQpdNEF008G1JQyl34E=",
        "owner": "nix-community",
        "repo": "neovim-nightly-overlay",
        "rev": "f4d6b1ff276dd0c98ebf9f6be89660a26a1d51b8",
        "type": "github"
      },
      "original": {
        "owner": "nix-community",
        "repo": "neovim-nightly-overlay",
        "type": "github"
      }
    },
    "nixpkgs": {
      "locked": {
        "lastModified": 1644420267,
        "narHash": "sha256-rFJuctggkjM412OC6OGPdXogFp7czGDW05ueWqpJbj8=",
        "owner": "nixos",
        "repo": "nixpkgs",
        "rev": "98bb5b77c8c6666824a4c13d23befa1e07210ef1",
        "type": "github"
      },
      "original": {
        "owner": "nixos",
        "ref": "nixos-unstable",
        "repo": "nixpkgs",
        "type": "github"
      }
    },
    "nixpkgs_2": {
      "locked": {
        "lastModified": 1644525281,
        "narHash": "sha256-D3VuWLdnLmAXIkooWAtbTGSQI9Fc1lkvAr94wTxhnTU=",
        "owner": "NixOS",
        "repo": "nixpkgs",
        "rev": "48d63e924a2666baf37f4f14a18f19347fbd54a2",
        "type": "github"
      },
      "original": {
        "owner": "NixOS",
        "ref": "nixos-unstable",
        "repo": "nixpkgs",
        "type": "github"
      }
    },
    "null-ls-nvim": {
      "flake": false,
      "locked": {
        "lastModified": 1644542054,
        "narHash": "sha256-NM+i0GXY0oihKZp+154dZctxvm4uSV2yzr2iWI1odfI=",
        "owner": "jose-elias-alvarez",
        "repo": "null-ls.nvim",
        "rev": "c56bf9ed31433cde3cf279b609d0480620817afa",
        "type": "github"
      },
      "original": {
        "owner": "jose-elias-alvarez",
        "repo": "null-ls.nvim",
        "type": "github"
      }
    },
    "nvim-cmp": {
      "flake": false,
      "locked": {
        "lastModified": 1644560424,
        "narHash": "sha256-X7FO745CMfFm+AOCo2JuLDyo97a1RvD6byoS3oCIq1s=",
        "owner": "hrsh7th",
        "repo": "nvim-cmp",
        "rev": "26a9184c888d6c6a5d9782f5b15e02ddd3e8a663",
        "type": "github"
      },
      "original": {
        "owner": "hrsh7th",
        "repo": "nvim-cmp",
        "type": "github"
      }
    },
    "onedark-nvim": {
      "flake": false,
      "locked": {
        "lastModified": 1641889912,
        "narHash": "sha256-oPdKMAddGF2J2rUrKlHxQhvBT2DK00oXjhiWXX0SmVo=",
        "owner": "navarasu",
        "repo": "onedark.nvim",
        "rev": "e5f6772b61b4aea429db1d8cc61b8a91f467611b",
        "type": "github"
      },
      "original": {
        "owner": "navarasu",
        "repo": "onedark.nvim",
        "type": "github"
      }
    },
    "rnix-lsp": {
      "inputs": {
        "naersk": "naersk",
        "nixpkgs": [
          "nixpkgs"
        ],
        "utils": "utils"
      },
      "locked": {
        "lastModified": 1643586450,
        "narHash": "sha256-BRIAc3+zavSlJPYSbov2n1W9/a4Iuh2swFPYRWjCm1g=",
        "owner": "nix-community",
        "repo": "rnix-lsp",
        "rev": "41eb2f3366e3f351bf2563c2a7c46fd17e78dfe0",
        "type": "github"
      },
      "original": {
        "owner": "nix-community",
        "repo": "rnix-lsp",
        "type": "github"
      }
    },
    "root": {
      "inputs": {
        "dressing-nvim": "dressing-nvim",
        "filetype-nvim": "filetype-nvim",
        "friendly-snippets-vim": "friendly-snippets-vim",
        "heirline-nvim": "heirline-nvim",
        "home-manager": "home-manager",
        "lsp_lines-nvim": "lsp_lines-nvim",
        "lspkind-nvim": "lspkind-nvim",
        "neovim-nightly-overlay": "neovim-nightly-overlay",
        "nixpkgs": "nixpkgs_2",
        "null-ls-nvim": "null-ls-nvim",
        "nvim-cmp": "nvim-cmp",
        "onedark-nvim": "onedark-nvim",
        "rnix-lsp": "rnix-lsp",
        "sqls": "sqls",
        "sqls-nvim": "sqls-nvim",
        "tokyonight-nvim": "tokyonight-nvim"
      }
    },
    "sqls": {
      "flake": false,
      "locked": {
        "lastModified": 1643178635,
        "narHash": "sha256-xtvm/NVL98dRzQL1id/WwT/NdsnB7qTRVR7jfrRsabY=",
        "owner": "lighttiger2505",
        "repo": "sqls",
        "rev": "620def1f95a7665abc8be87576ac522c9774e3db",
        "type": "github"
      },
      "original": {
        "owner": "lighttiger2505",
        "repo": "sqls",
        "type": "github"
      }
    },
    "sqls-nvim": {
      "flake": false,
      "locked": {
        "lastModified": 1644154249,
        "narHash": "sha256-iyGQUqGW9meMH4bHNoNo+om73jeUb0/DeiqY0hyG76Q=",
        "owner": "nanotee",
        "repo": "sqls.nvim",
        "rev": "aec56983fc394a2566e0a3e1aa81525b34fa6fb1",
        "type": "github"
      },
      "original": {
        "owner": "nanotee",
        "repo": "sqls.nvim",
        "type": "github"
      }
    },
    "tokyonight-nvim": {
      "flake": false,
      "locked": {
        "lastModified": 1640940199,
        "narHash": "sha256-EUiuGaX//mqv8v+UWfOQwxvV6UaQq1ZjdlqOpQAE7+c=",
        "owner": "folke",
        "repo": "tokyonight.nvim",
        "rev": "8223c970677e4d88c9b6b6d81bda23daf11062bb",
        "type": "github"
      },
      "original": {
        "owner": "folke",
        "repo": "tokyonight.nvim",
        "type": "github"
      }
    },
    "utils": {
      "locked": {
        "lastModified": 1638122382,
        "narHash": "sha256-sQzZzAbvKEqN9s0bzWuYmRaA03v40gaJ4+iL1LXjaeI=",
        "owner": "numtide",
        "repo": "flake-utils",
        "rev": "74f7e4319258e287b0f9cb95426c9853b282730b",
        "type": "github"
      },
      "original": {
        "owner": "numtide",
        "repo": "flake-utils",
        "type": "github"
      }
    }
  },
  "root": "root",
  "version": 7
}
