{
  "nodes": {
    "copilot-cmp": {
      "flake": false,
      "locked": {
        "lastModified": 1718601710,
        "narHash": "sha256-8w9go2SBkI+BrXNadWM8ZxDDfrAnZZJx6RbVHAK4+Pg=",
        "owner": "zbirenbaum",
        "repo": "copilot-cmp",
        "rev": "b6e5286b3d74b04256d0a7e3bd2908eabec34b44",
        "type": "github"
      },
      "original": {
        "owner": "zbirenbaum",
        "repo": "copilot-cmp",
        "type": "github"
      }
    },
    "copilot-lua": {
      "flake": false,
      "locked": {
        "lastModified": 1718412968,
        "narHash": "sha256-HC1QZlqEg+RBz/8kjLadafc06UoMAjhh0UO/BWQGMY8=",
        "owner": "zbirenbaum",
        "repo": "copilot.lua",
        "rev": "86537b286f18783f8b67bccd78a4ef4345679625",
        "type": "github"
      },
      "original": {
        "owner": "zbirenbaum",
        "repo": "copilot.lua",
        "type": "github"
      }
    },
    "dressing-nvim": {
      "flake": false,
      "locked": {
        "lastModified": 1718760361,
        "narHash": "sha256-LlcE/1/IT6QW/o5gks80BFnrIdBd4GjW4M9o+84/j1c=",
        "owner": "stevearc",
        "repo": "dressing.nvim",
        "rev": "6741f1062d3dc6e4755367a7e9b347b553623f04",
        "type": "github"
      },
      "original": {
        "owner": "stevearc",
        "repo": "dressing.nvim",
        "type": "github"
      }
    },
    "flake-compat": {
      "flake": false,
      "locked": {
        "lastModified": 1696426674,
        "narHash": "sha256-kvjfFW7WAETZlt09AgDn1MrtKzP7t90Vf7vypd3OL1U=",
        "owner": "edolstra",
        "repo": "flake-compat",
        "rev": "0f9255e01c2351cc7d116c072cb317785dd33b33",
        "type": "github"
      },
      "original": {
        "owner": "edolstra",
        "repo": "flake-compat",
        "type": "github"
      }
    },
    "flake-compat_2": {
      "flake": false,
      "locked": {
        "lastModified": 1696426674,
        "narHash": "sha256-kvjfFW7WAETZlt09AgDn1MrtKzP7t90Vf7vypd3OL1U=",
        "owner": "edolstra",
        "repo": "flake-compat",
        "rev": "0f9255e01c2351cc7d116c072cb317785dd33b33",
        "type": "github"
      },
      "original": {
        "owner": "edolstra",
        "repo": "flake-compat",
        "type": "github"
      }
    },
    "flake-parts": {
      "inputs": {
        "nixpkgs-lib": [
          "neovim-nightly-overlay",
          "nixpkgs"
        ]
      },
      "locked": {
        "lastModified": 1719994518,
        "narHash": "sha256-pQMhCCHyQGRzdfAkdJ4cIWiw+JNuWsTX7f0ZYSyz0VY=",
        "owner": "hercules-ci",
        "repo": "flake-parts",
        "rev": "9227223f6d922fee3c7b190b2cc238a99527bbb7",
        "type": "github"
      },
      "original": {
        "owner": "hercules-ci",
        "repo": "flake-parts",
        "type": "github"
      }
    },
    "flake-parts_2": {
      "inputs": {
        "nixpkgs-lib": [
          "neovim-nightly-overlay",
          "hercules-ci-effects",
          "nixpkgs"
        ]
      },
      "locked": {
        "lastModified": 1712014858,
        "narHash": "sha256-sB4SWl2lX95bExY2gMFG5HIzvva5AVMJd4Igm+GpZNw=",
        "owner": "hercules-ci",
        "repo": "flake-parts",
        "rev": "9126214d0a59633752a136528f5f3b9aa8565b7d",
        "type": "github"
      },
      "original": {
        "id": "flake-parts",
        "type": "indirect"
      }
    },
    "flake-utils": {
      "inputs": {
        "systems": "systems"
      },
      "locked": {
        "lastModified": 1731533236,
        "narHash": "sha256-l0KFg5HjrsfsO/JpG+r7fRrqm12kzFHyUHqHCVpMMbI=",
        "owner": "numtide",
        "repo": "flake-utils",
        "rev": "11707dc2f618dd54ca8739b309ec4fc024de578b",
        "type": "github"
      },
      "original": {
        "owner": "numtide",
        "repo": "flake-utils",
        "type": "github"
      }
    },
    "git-hooks": {
      "inputs": {
        "flake-compat": "flake-compat_2",
        "gitignore": "gitignore",
        "nixpkgs": [
          "neovim-nightly-overlay",
          "nixpkgs"
        ],
        "nixpkgs-stable": [
          "neovim-nightly-overlay",
          "nixpkgs"
        ]
      },
      "locked": {
        "lastModified": 1721042469,
        "narHash": "sha256-6FPUl7HVtvRHCCBQne7Ylp4p+dpP3P/OYuzjztZ4s70=",
        "owner": "cachix",
        "repo": "git-hooks.nix",
        "rev": "f451c19376071a90d8c58ab1a953c6e9840527fd",
        "type": "github"
      },
      "original": {
        "owner": "cachix",
        "repo": "git-hooks.nix",
        "type": "github"
      }
    },
    "gitignore": {
      "inputs": {
        "nixpkgs": [
          "neovim-nightly-overlay",
          "git-hooks",
          "nixpkgs"
        ]
      },
      "locked": {
        "lastModified": 1709087332,
        "narHash": "sha256-HG2cCnktfHsKV0s4XW83gU3F57gaTljL9KNSuG6bnQs=",
        "owner": "hercules-ci",
        "repo": "gitignore.nix",
        "rev": "637db329424fd7e46cf4185293b9cc8c88c95394",
        "type": "github"
      },
      "original": {
        "owner": "hercules-ci",
        "repo": "gitignore.nix",
        "type": "github"
      }
    },
    "heirline-nvim": {
      "flake": false,
      "locked": {
        "lastModified": 1716283968,
        "narHash": "sha256-C+puNxmjJqoHZ/A4wiGt3hY5sbTts93LfJxoIEH3Xl0=",
        "owner": "rebelot",
        "repo": "heirline.nvim",
        "rev": "0d797435e54645a5f98bad7ad6046aac1ef95c1e",
        "type": "github"
      },
      "original": {
        "owner": "rebelot",
        "repo": "heirline.nvim",
        "type": "github"
      }
    },
    "hercules-ci-effects": {
      "inputs": {
        "flake-parts": "flake-parts_2",
        "nixpkgs": [
          "neovim-nightly-overlay",
          "nixpkgs"
        ]
      },
      "locked": {
        "lastModified": 1719226092,
        "narHash": "sha256-YNkUMcCUCpnULp40g+svYsaH1RbSEj6s4WdZY/SHe38=",
        "owner": "hercules-ci",
        "repo": "hercules-ci-effects",
        "rev": "11e4b8dc112e2f485d7c97e1cee77f9958f498f5",
        "type": "github"
      },
      "original": {
        "owner": "hercules-ci",
        "repo": "hercules-ci-effects",
        "type": "github"
      }
    },
    "home-manager": {
      "inputs": {
        "nixpkgs": [
          "nixpkgs"
        ]
      },
      "locked": {
        "lastModified": 1745494811,
        "narHash": "sha256-YZCh2o9Ua1n9uCvrvi5pRxtuVNml8X2a03qIFfRKpFs=",
        "owner": "nix-community",
        "repo": "home-manager",
        "rev": "abfad3d2958c9e6300a883bd443512c55dfeb1be",
        "type": "github"
      },
      "original": {
        "owner": "nix-community",
        "repo": "home-manager",
        "type": "github"
      }
    },
    "lsp_lines-nvim": {
      "flake": false,
      "locked": {
        "lastModified": 1716108775,
        "narHash": "sha256-QsvmPOer7JgO7Y+N/iaNJD7Kmy69gnlV4CeyaQesNvA=",
        "ref": "main",
        "rev": "7d9e2748b61bff6ebba6e30adbc7173ccf21c055",
        "revCount": 52,
        "type": "git",
        "url": "https://git.sr.ht/~whynothugo/lsp_lines.nvim"
      },
      "original": {
        "ref": "main",
        "type": "git",
        "url": "https://git.sr.ht/~whynothugo/lsp_lines.nvim"
      }
    },
    "lspkind-nvim": {
      "flake": false,
      "locked": {
        "lastModified": 1704982040,
        "narHash": "sha256-/QLdBU/Zwmkw1NGuLBD48tvrmIP9d9WHhgcLEQgRTWo=",
        "owner": "onsails",
        "repo": "lspkind-nvim",
        "rev": "1735dd5a5054c1fb7feaf8e8658dbab925f4f0cf",
        "type": "github"
      },
      "original": {
        "owner": "onsails",
        "repo": "lspkind-nvim",
        "type": "github"
      }
    },
    "mini-files": {
      "flake": false,
      "locked": {
        "lastModified": 1740838433,
        "narHash": "sha256-uH1gVmJ/kv70kt1CgR75+0Z6XU8M0RAhpVIAZpRpsqs=",
        "owner": "echasnovski",
        "repo": "mini.files",
        "rev": "0a396f5ca5516a07959ae2c00667e1a26c20f0ea",
        "type": "github"
      },
      "original": {
        "owner": "echasnovski",
        "repo": "mini.files",
        "type": "github"
      }
    },
    "naersk": {
      "inputs": {
        "nixpkgs": [
          "rnix-lsp",
          "nixpkgs"
        ]
      },
      "locked": {
        "lastModified": 1655042882,
        "narHash": "sha256-9BX8Fuez5YJlN7cdPO63InoyBy7dm3VlJkkmTt6fS1A=",
        "owner": "nix-community",
        "repo": "naersk",
        "rev": "cddffb5aa211f50c4b8750adbec0bbbdfb26bb9f",
        "type": "github"
      },
      "original": {
        "owner": "nix-community",
        "repo": "naersk",
        "type": "github"
      }
    },
    "neovim-nightly-overlay": {
      "inputs": {
        "flake-compat": "flake-compat",
        "flake-parts": "flake-parts",
        "git-hooks": "git-hooks",
        "hercules-ci-effects": "hercules-ci-effects",
        "neovim-src": "neovim-src",
        "nixpkgs": "nixpkgs"
      },
      "locked": {
        "lastModified": 1721368131,
        "narHash": "sha256-dvDYa+Z2qZHTibmeUbKKIpR2jONO4UPbyHiDgYhgoMQ=",
        "owner": "nix-community",
        "repo": "neovim-nightly-overlay",
        "rev": "d9fcc47baa026c7df9a9789d5e825b4f13a9239a",
        "type": "github"
      },
      "original": {
        "owner": "nix-community",
        "repo": "neovim-nightly-overlay",
        "type": "github"
      }
    },
    "neovim-src": {
      "flake": false,
      "locked": {
        "lastModified": 1721316387,
        "narHash": "sha256-qPgppLqmnd0OnHLMo4cGPZSUyLbcw9nThWO4sJC8bWI=",
        "owner": "neovim",
        "repo": "neovim",
        "rev": "f61efe3fe77c9a517dccb9fd5ff7f16c0660ced4",
        "type": "github"
      },
      "original": {
        "owner": "neovim",
        "repo": "neovim",
        "type": "github"
      }
    },
    "nixpkgs": {
      "locked": {
        "lastModified": 1721303309,
        "narHash": "sha256-/+Yw4tW/mcTRKmkEAO64ObzCQClpSUZpk2flUD9GDHE=",
        "owner": "NixOS",
        "repo": "nixpkgs",
        "rev": "7e2fb8e0eb807e139d42b05bf8e28da122396bed",
        "type": "github"
      },
      "original": {
        "owner": "NixOS",
        "ref": "nixpkgs-unstable",
        "repo": "nixpkgs",
        "type": "github"
      }
    },
    "nixpkgs_2": {
      "locked": {
        "lastModified": 1745391562,
        "narHash": "sha256-sPwcCYuiEopaafePqlG826tBhctuJsLx/mhKKM5Fmjo=",
        "owner": "NixOS",
        "repo": "nixpkgs",
        "rev": "8a2f738d9d1f1d986b5a4cd2fd2061a7127237d7",
        "type": "github"
      },
      "original": {
        "owner": "NixOS",
        "ref": "nixos-unstable",
        "repo": "nixpkgs",
        "type": "github"
      }
    },
    "onedark-nvim": {
      "flake": false,
      "locked": {
        "lastModified": 1720202427,
        "narHash": "sha256-TAVN4wa45a6ndugkvjb3ev5sBHsZCd5RbXWgW+3ds9A=",
        "owner": "navarasu",
        "repo": "onedark.nvim",
        "rev": "fae34f7c635797f4bf62fb00e7d0516efa8abe37",
        "type": "github"
      },
      "original": {
        "owner": "navarasu",
        "repo": "onedark.nvim",
        "type": "github"
      }
    },
    "plenary": {
      "flake": false,
      "locked": {
        "lastModified": 1739311008,
        "narHash": "sha256-8FV5RjF7QbDmQOQynpK7uRKONKbPRYbOPugf9ZxNvUs=",
        "owner": "nvim-lua",
        "repo": "plenary.nvim",
        "rev": "857c5ac632080dba10aae49dba902ce3abf91b35",
        "type": "github"
      },
      "original": {
        "owner": "nvim-lua",
        "repo": "plenary.nvim",
        "type": "github"
      }
    },
    "rnix-lsp": {
      "inputs": {
        "naersk": "naersk",
        "nixpkgs": [
          "nixpkgs"
        ],
        "utils": "utils"
      },
      "locked": {
        "lastModified": 1669555118,
        "narHash": "sha256-F0s0m62S5bHNVWNHLZD6SeHiLrsDx98VQbRjDyIu+qQ=",
        "owner": "nix-community",
        "repo": "rnix-lsp",
        "rev": "95d40673fe43642e2e1144341e86d0036abd95d9",
        "type": "github"
      },
      "original": {
        "owner": "nix-community",
        "repo": "rnix-lsp",
        "type": "github"
      }
    },
    "root": {
      "inputs": {
        "copilot-cmp": "copilot-cmp",
        "copilot-lua": "copilot-lua",
        "dressing-nvim": "dressing-nvim",
        "heirline-nvim": "heirline-nvim",
        "home-manager": "home-manager",
        "lsp_lines-nvim": "lsp_lines-nvim",
        "lspkind-nvim": "lspkind-nvim",
        "mini-files": "mini-files",
        "neovim-nightly-overlay": "neovim-nightly-overlay",
        "nixpkgs": "nixpkgs_2",
        "onedark-nvim": "onedark-nvim",
        "rnix-lsp": "rnix-lsp",
        "shinEngine-nvim": "shinEngine-nvim",
        "wezterm-nvim": "wezterm-nvim"
      }
    },
    "shinEngine-nvim": {
      "inputs": {
        "flake-utils": "flake-utils",
        "nixpkgs": [
          "nixpkgs"
        ],
        "plenary": "plenary"
      },
      "locked": {
        "lastModified": 1741533853,
        "narHash": "sha256-e31Dj+oiy86FDFV6fB2VP06LWy6diy95jsA/jQCayE4=",
        "path": "/home/slaser79/lab/shinEngine-nvim",
        "type": "path"
      },
      "original": {
        "path": "/home/slaser79/lab/shinEngine-nvim",
        "type": "path"
      }
    },
    "systems": {
      "locked": {
        "lastModified": 1681028828,
        "narHash": "sha256-Vy1rq5AaRuLzOxct8nz4T6wlgyUR7zLU309k9mBC768=",
        "owner": "nix-systems",
        "repo": "default",
        "rev": "da67096a3b9bf56a91d16901293e51ba5b49a27e",
        "type": "github"
      },
      "original": {
        "owner": "nix-systems",
        "repo": "default",
        "type": "github"
      }
    },
    "utils": {
      "locked": {
        "lastModified": 1656928814,
        "narHash": "sha256-RIFfgBuKz6Hp89yRr7+NR5tzIAbn52h8vT6vXkYjZoM=",
        "owner": "numtide",
        "repo": "flake-utils",
        "rev": "7e2a3b3dfd9af950a856d66b0a7d01e3c18aa249",
        "type": "github"
      },
      "original": {
        "owner": "numtide",
        "repo": "flake-utils",
        "type": "github"
      }
    },
    "wezterm-nvim": {
      "flake": false,
      "locked": {
        "lastModified": 1727348906,
        "narHash": "sha256-q4PZUh4QdppeKGB0hytnZi2WBE6FRTcgieka6AnqQ5k=",
        "owner": "willothy",
        "repo": "wezterm.nvim",
        "rev": "032c33b621b96cc7228955b4352b48141c482098",
        "type": "github"
      },
      "original": {
        "owner": "willothy",
        "repo": "wezterm.nvim",
        "type": "github"
      }
    }
  },
  "root": "root",
  "version": 7
}
